[[package]]
name = "pytils"
version = "0.4.1"
description = "Russian-specific string utils"
category = "main"
optional = false
python-versions = "^3.7"

[metadata]
lock-version = "1.1"
python-versions = "^3.11"
content-hash = "9827b2a0bcc10e81f634d80cd2a9b22bf6be918b1bcc118f256fca5cbd02ab98"

[metadata.files]
pytils = []
